
Microsoft Visual Studio Solution File, Format Version 12.00
# Visual Studio Version 16
VisualStudioVersion = 16.0.29613.14
MinimumVisualStudioVersion = 10.0.40219.1
Project("{FAE04EC0-301F-11D3-BF4B-00C04F79EFBC}") = "PersonalIncomeStatement", "PersonalIncomeStatement\PersonalIncomeStatement.csproj", "{07706D10-C960-45B5-B610-4DFEB94CF072}"
EndProject
Project("{FAE04EC0-301F-11D3-BF4B-00C04F79EFBC}") = "DatabaseManagement", "DatabaseManagement\DatabaseManagement.csproj", "{EEC215E6-5696-4D7D-821C-12493F295587}"
EndProject
Global
	GlobalSection(SolutionConfigurationPlatforms) = preSolution
		Debug|Any CPU = Debug|Any CPU
		Release|Any CPU = Release|Any CPU
	EndGlobalSection
	GlobalSection(ProjectConfigurationPlatforms) = postSolution
		{07706D10-C960-45B5-B610-4DFEB94CF072}.Debug|Any CPU.ActiveCfg = Debug|Any CPU
		{07706D10-C960-45B5-B610-4DFEB94CF072}.Debug|Any CPU.Build.0 = Debug|Any CPU
		{07706D10-C960-45B5-B610-4DFEB94CF072}.Release|Any CPU.ActiveCfg = Release|Any CPU
		{07706D10-C960-45B5-B610-4DFEB94CF072}.Release|Any CPU.Build.0 = Release|Any CPU
		{EEC215E6-5696-4D7D-821C-12493F295587}.Debug|Any CPU.ActiveCfg = Debug|Any CPU
		{EEC215E6-5696-4D7D-821C-12493F295587}.Debug|Any CPU.Build.0 = Debug|Any CPU
		{EEC215E6-5696-4D7D-821C-12493F295587}.Release|Any CPU.ActiveCfg = Release|Any CPU
		{EEC215E6-5696-4D7D-821C-12493F295587}.Release|Any CPU.Build.0 = Release|Any CPU
	EndGlobalSection
	GlobalSection(SolutionProperties) = preSolution
		HideSolutionNode = FALSE
	EndGlobalSection
	GlobalSection(ExtensibilityGlobals) = postSolution
		SolutionGuid = {B9AAA6BB-E5B4-4B9E-A691-640B1A5B12B1}
	EndGlobalSection
EndGlobal
