
Microsoft Visual Studio Solution File, Format Version 12.00
# Visual Studio Version 16
VisualStudioVersion = 16.0.29613.14
MinimumVisualStudioVersion = 10.0.40219.1
Project("{FAE04EC0-301F-11D3-BF4B-00C04F79EFBC}") = "PersonalIncomeStatement", "PersonalIncomeStatement\PersonalIncomeStatement.csproj", "{DA096550-9141-496D-8914-2CDA3FE10742}"
EndProject
Project("{FAE04EC0-301F-11D3-BF4B-00C04F79EFBC}") = "DatabaseManagement", "DatabaseManagement\DatabaseManagement.csproj", "{798903C0-3090-442C-BA0D-F521756FB12A}"
EndProject
Project("{FAE04EC0-301F-11D3-BF4B-00C04F79EFBC}") = "ServiceManagement", "ServiceManagement\ServiceManagement.csproj", "{3F25DDAF-684D-4340-9980-5946F9B2A5AC}"
EndProject
Global
	GlobalSection(SolutionConfigurationPlatforms) = preSolution
		Debug|Any CPU = Debug|Any CPU
		Release|Any CPU = Release|Any CPU
	EndGlobalSection
	GlobalSection(ProjectConfigurationPlatforms) = postSolution
		{DA096550-9141-496D-8914-2CDA3FE10742}.Debug|Any CPU.ActiveCfg = Debug|Any CPU
		{DA096550-9141-496D-8914-2CDA3FE10742}.Debug|Any CPU.Build.0 = Debug|Any CPU
		{DA096550-9141-496D-8914-2CDA3FE10742}.Release|Any CPU.ActiveCfg = Release|Any CPU
		{DA096550-9141-496D-8914-2CDA3FE10742}.Release|Any CPU.Build.0 = Release|Any CPU
		{798903C0-3090-442C-BA0D-F521756FB12A}.Debug|Any CPU.ActiveCfg = Debug|Any CPU
		{798903C0-3090-442C-BA0D-F521756FB12A}.Debug|Any CPU.Build.0 = Debug|Any CPU
		{798903C0-3090-442C-BA0D-F521756FB12A}.Release|Any CPU.ActiveCfg = Release|Any CPU
		{798903C0-3090-442C-BA0D-F521756FB12A}.Release|Any CPU.Build.0 = Release|Any CPU
		{3F25DDAF-684D-4340-9980-5946F9B2A5AC}.Debug|Any CPU.ActiveCfg = Debug|Any CPU
		{3F25DDAF-684D-4340-9980-5946F9B2A5AC}.Debug|Any CPU.Build.0 = Debug|Any CPU
		{3F25DDAF-684D-4340-9980-5946F9B2A5AC}.Release|Any CPU.ActiveCfg = Release|Any CPU
		{3F25DDAF-684D-4340-9980-5946F9B2A5AC}.Release|Any CPU.Build.0 = Release|Any CPU
	EndGlobalSection
	GlobalSection(SolutionProperties) = preSolution
		HideSolutionNode = FALSE
	EndGlobalSection
	GlobalSection(ExtensibilityGlobals) = postSolution
		SolutionGuid = {B9AAA6BB-E5B4-4B9E-A691-640B1A5B12B1}
	EndGlobalSection
EndGlobal
